{
    "name": "@lexriver/dome",
    "version": "1.3.0",
    "lockfileVersion": 2,
    "requires": true,
    "packages": {
        "": {
            "name": "@lexriver/dome",
            "version": "1.3.0",
            "license": "MIT",
            "dependencies": {
                "@lexriver/async": "^1.0.0",
                "@lexriver/data-types": "^2.0.0",
                "@lexriver/observable": "^1.0.0",
                "lodash.clonedeep": "^4.5.0",
                "svg-tag-names": "^2.0.0",
                "ts-debounce": "^2.0.1"
            },
            "devDependencies": {
                "@types/node": "^12.12.42",
                "typescript": "^3.6.3"
            }
        },
        "node_modules/@lexriver/async": {
            "version": "1.0.0",
            "resolved": "https://registry.npmjs.org/@lexriver/async/-/async-1.0.0.tgz",
            "integrity": "sha512-krRcVD5PMQM5w4eq6quD8bnOFneWtOBLk4mvodqwuyPXRto2TDsTJLV1PrPftm43gzm+CMoxeIlz+GB6vnqv3A=="
        },
        "node_modules/@lexriver/data-types": {
            "version": "2.0.0",
            "resolved": "https://registry.npmjs.org/@lexriver/data-types/-/data-types-2.0.0.tgz",
            "integrity": "sha512-qLLAWOXBJjtTdV7Q0PiO2rfLHsF3OAwEvVmjCWXgn58ZYFyEZLQkNnbYVT1ZZ2IrAgJOvXgxHGfymN90sWia/A=="
        },
        "node_modules/@lexriver/observable": {
            "version": "1.0.0",
            "resolved": "https://registry.npmjs.org/@lexriver/observable/-/observable-1.0.0.tgz",
            "integrity": "sha512-6EmkJtym1SEOnhxn/NgqTr7ie/wDfdtJeBN+OMzDKgiA7/oJ/qtnHLVwQtP6okUaoGp83Ql9PPIt4H3nvWN/EA==",
            "dependencies": {
                "@lexriver/type-event": "^1.1.0"
            }
        },
        "node_modules/@lexriver/type-event": {
            "version": "1.1.0",
            "resolved": "https://registry.npmjs.org/@lexriver/type-event/-/type-event-1.1.0.tgz",
            "integrity": "sha512-HdjEQMMQ4wN5M3YAj8m9BiOxolqm/pjMZD9rkuHKOuWLaWM/JboWkSDEZYTPEpWG56Y0mE4a5LMJXGYMer8w2w=="
        },
        "node_modules/@types/node": {
            "version": "12.12.54",
            "resolved": "https://registry.npmjs.org/@types/node/-/node-12.12.54.tgz",
            "integrity": "sha512-ge4xZ3vSBornVYlDnk7yZ0gK6ChHf/CHB7Gl1I0Jhah8DDnEQqBzgohYG4FX4p81TNirSETOiSyn+y1r9/IR6w==",
            "dev": true
        },
        "node_modules/lodash.clonedeep": {
            "version": "4.5.0",
            "resolved": "https://registry.npmjs.org/lodash.clonedeep/-/lodash.clonedeep-4.5.0.tgz",
            "integrity": "sha1-4j8/nE+Pvd6HJSnBBxhXoIblzO8="
        },
        "node_modules/svg-tag-names": {
            "version": "2.0.1",
            "resolved": "https://registry.npmjs.org/svg-tag-names/-/svg-tag-names-2.0.1.tgz",
            "integrity": "sha512-BEZ508oR+X/b5sh7bT0RqDJ7GhTpezjj3P1D4kugrOaPs6HijviWksoQ63PS81vZn0QCjZmVKjHDBniTo+Domg==",
            "funding": {
                "type": "github",
                "url": "https://github.com/sponsors/wooorm"
            }
        },
        "node_modules/ts-debounce": {
            "version": "2.0.1",
            "resolved": "https://registry.npmjs.org/ts-debounce/-/ts-debounce-2.0.1.tgz",
            "integrity": "sha512-+TztZrH7GnAD5CKxUohIAqIVHLrtivsYT7tZCLeRTCaBMSsfgYwprhA00kB/m0ezvYheOXJQqPfarAvgoayb7A=="
        },
        "node_modules/typescript": {
            "version": "3.9.7",
            "resolved": "https://registry.npmjs.org/typescript/-/typescript-3.9.7.tgz",
            "integrity": "sha512-BLbiRkiBzAwsjut4x/dsibSTB6yWpwT5qWmC2OfuCg3GgVQCSgMs4vEctYPhsaGtd0AeuuHMkjZ2h2WG8MSzRw==",
            "dev": true,
            "bin": {
                "tsc": "bin/tsc",
                "tsserver": "bin/tsserver"
            },
            "engines": {
                "node": ">=4.2.0"
            }
        }
    },
    "dependencies": {
        "@lexriver/async": {
            "version": "1.0.0",
            "resolved": "https://registry.npmjs.org/@lexriver/async/-/async-1.0.0.tgz",
            "integrity": "sha512-krRcVD5PMQM5w4eq6quD8bnOFneWtOBLk4mvodqwuyPXRto2TDsTJLV1PrPftm43gzm+CMoxeIlz+GB6vnqv3A=="
        },
        "@lexriver/data-types": {
            "version": "2.0.0",
            "resolved": "https://registry.npmjs.org/@lexriver/data-types/-/data-types-2.0.0.tgz",
            "integrity": "sha512-qLLAWOXBJjtTdV7Q0PiO2rfLHsF3OAwEvVmjCWXgn58ZYFyEZLQkNnbYVT1ZZ2IrAgJOvXgxHGfymN90sWia/A=="
        },
        "@lexriver/observable": {
            "version": "1.0.0",
            "resolved": "https://registry.npmjs.org/@lexriver/observable/-/observable-1.0.0.tgz",
            "integrity": "sha512-6EmkJtym1SEOnhxn/NgqTr7ie/wDfdtJeBN+OMzDKgiA7/oJ/qtnHLVwQtP6okUaoGp83Ql9PPIt4H3nvWN/EA==",
            "requires": {
                "@lexriver/type-event": "^1.1.0"
            }
        },
        "@lexriver/type-event": {
            "version": "1.1.0",
            "resolved": "https://registry.npmjs.org/@lexriver/type-event/-/type-event-1.1.0.tgz",
            "integrity": "sha512-HdjEQMMQ4wN5M3YAj8m9BiOxolqm/pjMZD9rkuHKOuWLaWM/JboWkSDEZYTPEpWG56Y0mE4a5LMJXGYMer8w2w=="
        },
        "@types/node": {
            "version": "12.12.54",
            "resolved": "https://registry.npmjs.org/@types/node/-/node-12.12.54.tgz",
            "integrity": "sha512-ge4xZ3vSBornVYlDnk7yZ0gK6ChHf/CHB7Gl1I0Jhah8DDnEQqBzgohYG4FX4p81TNirSETOiSyn+y1r9/IR6w==",
            "dev": true
        },
        "lodash.clonedeep": {
            "version": "4.5.0",
            "resolved": "https://registry.npmjs.org/lodash.clonedeep/-/lodash.clonedeep-4.5.0.tgz",
            "integrity": "sha1-4j8/nE+Pvd6HJSnBBxhXoIblzO8="
        },
        "svg-tag-names": {
            "version": "2.0.1",
            "resolved": "https://registry.npmjs.org/svg-tag-names/-/svg-tag-names-2.0.1.tgz",
            "integrity": "sha512-BEZ508oR+X/b5sh7bT0RqDJ7GhTpezjj3P1D4kugrOaPs6HijviWksoQ63PS81vZn0QCjZmVKjHDBniTo+Domg=="
        },
        "ts-debounce": {
            "version": "2.0.1",
            "resolved": "https://registry.npmjs.org/ts-debounce/-/ts-debounce-2.0.1.tgz",
            "integrity": "sha512-+TztZrH7GnAD5CKxUohIAqIVHLrtivsYT7tZCLeRTCaBMSsfgYwprhA00kB/m0ezvYheOXJQqPfarAvgoayb7A=="
        },
        "typescript": {
            "version": "3.9.7",
            "resolved": "https://registry.npmjs.org/typescript/-/typescript-3.9.7.tgz",
            "integrity": "sha512-BLbiRkiBzAwsjut4x/dsibSTB6yWpwT5qWmC2OfuCg3GgVQCSgMs4vEctYPhsaGtd0AeuuHMkjZ2h2WG8MSzRw==",
            "dev": true
        }
    }
}
